
Microsoft Visual Studio Solution File, Format Version 12.00
Project("{FAE04EC0-301F-11D3-BF4B-00C04F79EFBC}") = "Service", "Service\Service.csproj", "{093CBD0B-1B1A-4DDF-B366-0A757733ECDF}"
EndProject
Project("{FAE04EC0-301F-11D3-BF4B-00C04F79EFBC}") = "Server", "Server\Server.csproj", "{B69AE8A9-5D60-4B46-9E71-235C3290E340}"
EndProject
Project("{FAE04EC0-301F-11D3-BF4B-00C04F79EFBC}") = "GUI", "GUI\GUI.csproj", "{B014FB72-E1F6-4926-BDDC-9AA69AB3BBDB}"
EndProject
Project("{FAE04EC0-301F-11D3-BF4B-00C04F79EFBC}") = "Networking", "Networking\Networking.csproj", "{AF1BD9DD-8C72-49D1-919C-6B3801F8B3EB}"
EndProject
Project("{FAE04EC0-301F-11D3-BF4B-00C04F79EFBC}") = "Model", "Model\Model.csproj", "{CC9BB9B5-CA6E-4447-BA59-C625564E819E}"
EndProject
Project("{FAE04EC0-301F-11D3-BF4B-00C04F79EFBC}") = "Repository", "Repository\Repository.csproj", "{0E1C486C-BC7B-460E-BB61-4BFBA075C05B}"
EndProject
Global
	GlobalSection(SolutionConfigurationPlatforms) = preSolution
		Debug|Any CPU = Debug|Any CPU
		Release|Any CPU = Release|Any CPU
	EndGlobalSection
	GlobalSection(ProjectConfigurationPlatforms) = postSolution
		{093CBD0B-1B1A-4DDF-B366-0A757733ECDF}.Debug|Any CPU.ActiveCfg = Debug|Any CPU
		{093CBD0B-1B1A-4DDF-B366-0A757733ECDF}.Release|Any CPU.ActiveCfg = Release|Any CPU
		{093CBD0B-1B1A-4DDF-B366-0A757733ECDF}.Release|Any CPU.Build.0 = Release|Any CPU
		{B69AE8A9-5D60-4B46-9E71-235C3290E340}.Debug|Any CPU.ActiveCfg = Debug|Any CPU
		{B69AE8A9-5D60-4B46-9E71-235C3290E340}.Release|Any CPU.ActiveCfg = Release|Any CPU
		{B69AE8A9-5D60-4B46-9E71-235C3290E340}.Release|Any CPU.Build.0 = Release|Any CPU
		{B014FB72-E1F6-4926-BDDC-9AA69AB3BBDB}.Debug|Any CPU.ActiveCfg = Debug|Any CPU
		{B014FB72-E1F6-4926-BDDC-9AA69AB3BBDB}.Debug|Any CPU.Build.0 = Debug|Any CPU
		{B014FB72-E1F6-4926-BDDC-9AA69AB3BBDB}.Release|Any CPU.ActiveCfg = Release|Any CPU
		{B014FB72-E1F6-4926-BDDC-9AA69AB3BBDB}.Release|Any CPU.Build.0 = Release|Any CPU
		{AF1BD9DD-8C72-49D1-919C-6B3801F8B3EB}.Debug|Any CPU.ActiveCfg = Debug|Any CPU
		{AF1BD9DD-8C72-49D1-919C-6B3801F8B3EB}.Release|Any CPU.ActiveCfg = Release|Any CPU
		{AF1BD9DD-8C72-49D1-919C-6B3801F8B3EB}.Release|Any CPU.Build.0 = Release|Any CPU
		{CC9BB9B5-CA6E-4447-BA59-C625564E819E}.Debug|Any CPU.ActiveCfg = Debug|Any CPU
		{CC9BB9B5-CA6E-4447-BA59-C625564E819E}.Release|Any CPU.ActiveCfg = Release|Any CPU
		{CC9BB9B5-CA6E-4447-BA59-C625564E819E}.Release|Any CPU.Build.0 = Release|Any CPU
		{0E1C486C-BC7B-460E-BB61-4BFBA075C05B}.Debug|Any CPU.ActiveCfg = Debug|Any CPU
		{0E1C486C-BC7B-460E-BB61-4BFBA075C05B}.Release|Any CPU.ActiveCfg = Release|Any CPU
		{0E1C486C-BC7B-460E-BB61-4BFBA075C05B}.Release|Any CPU.Build.0 = Release|Any CPU
	EndGlobalSection
EndGlobal
